
Microsoft Visual Studio Solution File, Format Version 12.00
# Visual Studio Version 17
VisualStudioVersion = 17.4.33205.214
MinimumVisualStudioVersion = 10.0.40219.1
Project("{9A19103F-16F7-4668-BE54-9A1E7A4F7556}") = "Domain", "Domain\Domain.csproj", "{84ED83DA-61E3-4E41-BB10-EC9AE1A318BD}"
EndProject
Project("{9A19103F-16F7-4668-BE54-9A1E7A4F7556}") = "Apllication", "Apllication\Apllication.csproj", "{39472E0D-A24B-4226-BB38-8374D9DBCACC}"
EndProject
Project("{9A19103F-16F7-4668-BE54-9A1E7A4F7556}") = "Infrastructure", "Infrastructure\Infrastructure.csproj", "{3EB90A65-C665-40B7-AD93-8AD0B3C83050}"
EndProject
Project("{9A19103F-16F7-4668-BE54-9A1E7A4F7556}") = "Presentration.API", "Presentration.API\Presentration.API.csproj", "{40AD4D26-E585-4C1F-A510-668B92AF6FA3}"
EndProject
Project("{2150E333-8FDC-42A3-9474-1A3956D46DE8}") = "Docker", "Docker", "{FF2AF9CA-70E9-4B15-8CE2-EEE6CAE0BB13}"
	ProjectSection(SolutionItems) = preProject
		docker-compose.yml = docker-compose.yml
	EndProjectSection
EndProject
Global
	GlobalSection(SolutionConfigurationPlatforms) = preSolution
		Debug|Any CPU = Debug|Any CPU
		Release|Any CPU = Release|Any CPU
	EndGlobalSection
	GlobalSection(ProjectConfigurationPlatforms) = postSolution
		{84ED83DA-61E3-4E41-BB10-EC9AE1A318BD}.Debug|Any CPU.ActiveCfg = Debug|Any CPU
		{84ED83DA-61E3-4E41-BB10-EC9AE1A318BD}.Debug|Any CPU.Build.0 = Debug|Any CPU
		{84ED83DA-61E3-4E41-BB10-EC9AE1A318BD}.Release|Any CPU.ActiveCfg = Release|Any CPU
		{84ED83DA-61E3-4E41-BB10-EC9AE1A318BD}.Release|Any CPU.Build.0 = Release|Any CPU
		{39472E0D-A24B-4226-BB38-8374D9DBCACC}.Debug|Any CPU.ActiveCfg = Debug|Any CPU
		{39472E0D-A24B-4226-BB38-8374D9DBCACC}.Debug|Any CPU.Build.0 = Debug|Any CPU
		{39472E0D-A24B-4226-BB38-8374D9DBCACC}.Release|Any CPU.ActiveCfg = Release|Any CPU
		{39472E0D-A24B-4226-BB38-8374D9DBCACC}.Release|Any CPU.Build.0 = Release|Any CPU
		{3EB90A65-C665-40B7-AD93-8AD0B3C83050}.Debug|Any CPU.ActiveCfg = Debug|Any CPU
		{3EB90A65-C665-40B7-AD93-8AD0B3C83050}.Debug|Any CPU.Build.0 = Debug|Any CPU
		{3EB90A65-C665-40B7-AD93-8AD0B3C83050}.Release|Any CPU.ActiveCfg = Release|Any CPU
		{3EB90A65-C665-40B7-AD93-8AD0B3C83050}.Release|Any CPU.Build.0 = Release|Any CPU
		{40AD4D26-E585-4C1F-A510-668B92AF6FA3}.Debug|Any CPU.ActiveCfg = Debug|Any CPU
		{40AD4D26-E585-4C1F-A510-668B92AF6FA3}.Debug|Any CPU.Build.0 = Debug|Any CPU
		{40AD4D26-E585-4C1F-A510-668B92AF6FA3}.Release|Any CPU.ActiveCfg = Release|Any CPU
		{40AD4D26-E585-4C1F-A510-668B92AF6FA3}.Release|Any CPU.Build.0 = Release|Any CPU
	EndGlobalSection
	GlobalSection(SolutionProperties) = preSolution
		HideSolutionNode = FALSE
	EndGlobalSection
	GlobalSection(ExtensibilityGlobals) = postSolution
		SolutionGuid = {2EEE14E9-7201-454D-8ECB-1DFCAF6D18FF}
	EndGlobalSection
EndGlobal
